
Microsoft Visual Studio Solution File, Format Version 12.00
# Visual Studio 15
VisualStudioVersion = 15.0.28010.2046
MinimumVisualStudioVersion = 10.0.40219.1
Project("{FAE04EC0-301F-11D3-BF4B-00C04F79EFBC}") = "PrismApp.Startup", "PrismApp.Startup\PrismApp.Startup.csproj", "{0DBAC27B-CB82-47D3-9231-6A7F2DE50A37}"
EndProject
Project("{FAE04EC0-301F-11D3-BF4B-00C04F79EFBC}") = "PrismApp.Core.UI", "PrismApp.Core.UI\PrismApp.Core.UI.csproj", "{3288794A-8673-4BDE-B4F0-CCC0381F15B1}"
EndProject
Project("{2150E333-8FDC-42A3-9474-1A3956D46DE8}") = "Modules", "Modules", "{837EAB43-1CA4-443F-8EC0-B06E52AEBB2D}"
EndProject
Project("{FAE04EC0-301F-11D3-BF4B-00C04F79EFBC}") = "PrismApp.Modules.Sample", "Modules\PrismApp.Modules.Sample\PrismApp.Modules.Sample.csproj", "{DCBD7053-2583-439F-AD2F-C6C2ED438482}"
EndProject
Project("{FAE04EC0-301F-11D3-BF4B-00C04F79EFBC}") = "PrismApp.Core", "PrismApp.Core\PrismApp.Core.csproj", "{43D57C3A-B999-40CC-B357-61F686F60B65}"
EndProject
Project("{FAE04EC0-301F-11D3-BF4B-00C04F79EFBC}") = "PrismApp.Modules.Commands", "Modules\PrismApp.Modules.Commands\PrismApp.Modules.Commands.csproj", "{C772D4BB-C15C-4F98-9B7F-000F31A237FD}"
EndProject
Project("{FAE04EC0-301F-11D3-BF4B-00C04F79EFBC}") = "PrismApp.Modules.EventPublisher", "Modules\PrismApp.Modules.EventPublisher\PrismApp.Modules.EventPublisher.csproj", "{44E768BA-28C2-4D53-BB0B-4A6EC556BE1B}"
EndProject
Global
	GlobalSection(SolutionConfigurationPlatforms) = preSolution
		Debug|Any CPU = Debug|Any CPU
		Release|Any CPU = Release|Any CPU
	EndGlobalSection
	GlobalSection(ProjectConfigurationPlatforms) = postSolution
		{0DBAC27B-CB82-47D3-9231-6A7F2DE50A37}.Debug|Any CPU.ActiveCfg = Debug|Any CPU
		{0DBAC27B-CB82-47D3-9231-6A7F2DE50A37}.Debug|Any CPU.Build.0 = Debug|Any CPU
		{0DBAC27B-CB82-47D3-9231-6A7F2DE50A37}.Release|Any CPU.ActiveCfg = Release|Any CPU
		{0DBAC27B-CB82-47D3-9231-6A7F2DE50A37}.Release|Any CPU.Build.0 = Release|Any CPU
		{3288794A-8673-4BDE-B4F0-CCC0381F15B1}.Debug|Any CPU.ActiveCfg = Debug|Any CPU
		{3288794A-8673-4BDE-B4F0-CCC0381F15B1}.Debug|Any CPU.Build.0 = Debug|Any CPU
		{3288794A-8673-4BDE-B4F0-CCC0381F15B1}.Release|Any CPU.ActiveCfg = Release|Any CPU
		{3288794A-8673-4BDE-B4F0-CCC0381F15B1}.Release|Any CPU.Build.0 = Release|Any CPU
		{DCBD7053-2583-439F-AD2F-C6C2ED438482}.Debug|Any CPU.ActiveCfg = Debug|Any CPU
		{DCBD7053-2583-439F-AD2F-C6C2ED438482}.Debug|Any CPU.Build.0 = Debug|Any CPU
		{DCBD7053-2583-439F-AD2F-C6C2ED438482}.Release|Any CPU.ActiveCfg = Release|Any CPU
		{DCBD7053-2583-439F-AD2F-C6C2ED438482}.Release|Any CPU.Build.0 = Release|Any CPU
		{43D57C3A-B999-40CC-B357-61F686F60B65}.Debug|Any CPU.ActiveCfg = Debug|Any CPU
		{43D57C3A-B999-40CC-B357-61F686F60B65}.Debug|Any CPU.Build.0 = Debug|Any CPU
		{43D57C3A-B999-40CC-B357-61F686F60B65}.Release|Any CPU.ActiveCfg = Release|Any CPU
		{43D57C3A-B999-40CC-B357-61F686F60B65}.Release|Any CPU.Build.0 = Release|Any CPU
		{C772D4BB-C15C-4F98-9B7F-000F31A237FD}.Debug|Any CPU.ActiveCfg = Debug|Any CPU
		{C772D4BB-C15C-4F98-9B7F-000F31A237FD}.Debug|Any CPU.Build.0 = Debug|Any CPU
		{C772D4BB-C15C-4F98-9B7F-000F31A237FD}.Release|Any CPU.ActiveCfg = Release|Any CPU
		{C772D4BB-C15C-4F98-9B7F-000F31A237FD}.Release|Any CPU.Build.0 = Release|Any CPU
		{44E768BA-28C2-4D53-BB0B-4A6EC556BE1B}.Debug|Any CPU.ActiveCfg = Debug|Any CPU
		{44E768BA-28C2-4D53-BB0B-4A6EC556BE1B}.Debug|Any CPU.Build.0 = Debug|Any CPU
		{44E768BA-28C2-4D53-BB0B-4A6EC556BE1B}.Release|Any CPU.ActiveCfg = Release|Any CPU
		{44E768BA-28C2-4D53-BB0B-4A6EC556BE1B}.Release|Any CPU.Build.0 = Release|Any CPU
	EndGlobalSection
	GlobalSection(SolutionProperties) = preSolution
		HideSolutionNode = FALSE
	EndGlobalSection
	GlobalSection(NestedProjects) = preSolution
		{DCBD7053-2583-439F-AD2F-C6C2ED438482} = {837EAB43-1CA4-443F-8EC0-B06E52AEBB2D}
		{C772D4BB-C15C-4F98-9B7F-000F31A237FD} = {837EAB43-1CA4-443F-8EC0-B06E52AEBB2D}
		{44E768BA-28C2-4D53-BB0B-4A6EC556BE1B} = {837EAB43-1CA4-443F-8EC0-B06E52AEBB2D}
	EndGlobalSection
	GlobalSection(ExtensibilityGlobals) = postSolution
		SolutionGuid = {66F30B72-451D-4D69-8EAA-1DF22E7E28C0}
	EndGlobalSection
EndGlobal
